
Microsoft Visual Studio Solution File, Format Version 12.00
# Visual Studio Version 16
VisualStudioVersion = 25.0.1705.1
MinimumVisualStudioVersion = 10.0.40219.1
Project("{FAE04EC0-301F-11D3-BF4B-00C04F79EFBC}") = "noteApp", "noteApp\noteApp.csproj", "{D019FB6B-E58E-447C-B114-7F6FA3927118}"
EndProject
Global
	GlobalSection(SolutionConfigurationPlatforms) = preSolution
		Debug|Any CPU = Debug|Any CPU
		Release|Any CPU = Release|Any CPU
	EndGlobalSection
	GlobalSection(ProjectConfigurationPlatforms) = postSolution
		{D019FB6B-E58E-447C-B114-7F6FA3927118}.Debug|Any CPU.ActiveCfg = Debug|Any CPU
		{D019FB6B-E58E-447C-B114-7F6FA3927118}.Debug|Any CPU.Build.0 = Debug|Any CPU
		{D019FB6B-E58E-447C-B114-7F6FA3927118}.Release|Any CPU.ActiveCfg = Release|Any CPU
		{D019FB6B-E58E-447C-B114-7F6FA3927118}.Release|Any CPU.Build.0 = Release|Any CPU
	EndGlobalSection
	GlobalSection(SolutionProperties) = preSolution
		HideSolutionNode = FALSE
	EndGlobalSection
	GlobalSection(ExtensibilityGlobals) = postSolution
		SolutionGuid = {9C32255E-5056-4327-AE1A-F9B3935261F4}
	EndGlobalSection
EndGlobal
