
Microsoft Visual Studio Solution File, Format Version 12.00
# Visual Studio Version 16
VisualStudioVersion = 25.0.1703.8
MinimumVisualStudioVersion = 10.0.40219.1
Project("{FAE04EC0-301F-11D3-BF4B-00C04F79EFBC}") = "CSharpSandbox", "CSharpSandbox\CSharpSandbox.csproj", "{F8EB38E5-DD3E-49FE-B494-4E8864528C6B}"
EndProject
Global
	GlobalSection(SolutionConfigurationPlatforms) = preSolution
		Debug|Any CPU = Debug|Any CPU
		Release|Any CPU = Release|Any CPU
	EndGlobalSection
	GlobalSection(ProjectConfigurationPlatforms) = postSolution
		{F8EB38E5-DD3E-49FE-B494-4E8864528C6B}.Debug|Any CPU.ActiveCfg = Debug|Any CPU
		{F8EB38E5-DD3E-49FE-B494-4E8864528C6B}.Debug|Any CPU.Build.0 = Debug|Any CPU
		{F8EB38E5-DD3E-49FE-B494-4E8864528C6B}.Release|Any CPU.ActiveCfg = Release|Any CPU
		{F8EB38E5-DD3E-49FE-B494-4E8864528C6B}.Release|Any CPU.Build.0 = Release|Any CPU
	EndGlobalSection
	GlobalSection(SolutionProperties) = preSolution
		HideSolutionNode = FALSE
	EndGlobalSection
	GlobalSection(ExtensibilityGlobals) = postSolution
		SolutionGuid = {1C6A1917-038A-44C1-921B-7FA7C48C941A}
	EndGlobalSection
EndGlobal
